{
  "nodes": {
    "flake-utils": {
      "inputs": {
        "systems": "systems"
      },
      "locked": {
        "lastModified": 1731533236,
        "narHash": "sha256-l0KFg5HjrsfsO/JpG+r7fRrqm12kzFHyUHqHCVpMMbI=",
        "owner": "numtide",
        "repo": "flake-utils",
        "rev": "11707dc2f618dd54ca8739b309ec4fc024de578b",
        "type": "github"
      },
      "original": {
        "owner": "numtide",
        "repo": "flake-utils",
        "type": "github"
      }
    },
    "halley-stable-src": {
      "flake": false,
      "locked": {
        "lastModified": 1782881068,
        "narHash": "sha256-9OEt4bvik7nr7BmKyLp8YA87U8+zjUVsBIyZ73qWcb0=",
        "owner": "saltnpepper97",
        "repo": "halley",
        "rev": "6548e866c098347c02cac33a0d9894e205438da1",
        "type": "github"
      },
      "original": {
        "owner": "saltnpepper97",
        "ref": "v0.5.0",
        "repo": "halley",
        "type": "github"
      }
    },
    "halley-unstable-dev-src": {
      "flake": false,
      "locked": {
        "lastModified": 1783347767,
        "narHash": "sha256-4eUVhGMWOiiU/Nmrba9hqudeJeXHOUFdl76svBhY4MQ=",
        "owner": "saltnpepper97",
        "repo": "halley",
        "rev": "045d77f181983a9451a563a2f912aabbf1153737",
        "type": "github"
      },
      "original": {
        "owner": "saltnpepper97",
        "ref": "dev",
        "repo": "halley",
        "type": "github"
      }
    },
    "halley-unstable-src": {
      "flake": false,
      "locked": {
        "lastModified": 1782881784,
        "narHash": "sha256-6r6lmH/GQpygmIrJ6m57iJWdyE5zYnGPt4238UrqdP0=",
        "owner": "saltnpepper97",
        "repo": "halley",
        "rev": "654e1ed173616520a478f0b733534cbad98f0733",
        "type": "github"
      },
      "original": {
        "owner": "saltnpepper97",
        "ref": "main",
        "repo": "halley",
        "type": "github"
      }
    },
    "nixpkgs": {
      "locked": {
        "lastModified": 1783776592,
        "narHash": "sha256-UgCQzxeWI75XM8G+hPrPh+MKzEPjG3SpAj7dtqSbksA=",
        "owner": "NixOS",
        "repo": "nixpkgs",
        "rev": "e7a3ca8092b61ff85b6a45bf863ea2b2d6a661b3",
        "type": "github"
      },
      "original": {
        "owner": "NixOS",
        "ref": "nixos-unstable",
        "repo": "nixpkgs",
        "type": "github"
      }
    },
    "root": {
      "inputs": {
        "flake-utils": "flake-utils",
        "halley-stable-src": "halley-stable-src",
        "halley-unstable-dev-src": "halley-unstable-dev-src",
        "halley-unstable-src": "halley-unstable-src",
        "nixpkgs": "nixpkgs"
      }
    },
    "systems": {
      "locked": {
        "lastModified": 1681028828,
        "narHash": "sha256-Vy1rq5AaRuLzOxct8nz4T6wlgyUR7zLU309k9mBC768=",
        "owner": "nix-systems",
        "repo": "default",
        "rev": "da67096a3b9bf56a91d16901293e51ba5b49a27e",
        "type": "github"
      },
      "original": {
        "owner": "nix-systems",
        "repo": "default",
        "type": "github"
      }
    }
  },
  "root": "root",
  "version": 7
}
